
Microsoft Visual Studio Solution File, Format Version 12.00
# Visual Studio 15
VisualStudioVersion = 15.0.28307.572
MinimumVisualStudioVersion = 10.0.40219.1
Project("{FAE04EC0-301F-11D3-BF4B-00C04F79EFBC}") = "MiamiBeachPP", "MiamiBeachPP\MiamiBeachPP.csproj", "{4C64057E-A922-4914-B262-83F90C7EF03C}"
EndProject
Global
	GlobalSection(SolutionConfigurationPlatforms) = preSolution
		Debug|Any CPU = Debug|Any CPU
		Release|Any CPU = Release|Any CPU
	EndGlobalSection
	GlobalSection(ProjectConfigurationPlatforms) = postSolution
		{4C64057E-A922-4914-B262-83F90C7EF03C}.Debug|Any CPU.ActiveCfg = Debug|Any CPU
		{4C64057E-A922-4914-B262-83F90C7EF03C}.Debug|Any CPU.Build.0 = Debug|Any CPU
		{4C64057E-A922-4914-B262-83F90C7EF03C}.Release|Any CPU.ActiveCfg = Release|Any CPU
		{4C64057E-A922-4914-B262-83F90C7EF03C}.Release|Any CPU.Build.0 = Release|Any CPU
	EndGlobalSection
	GlobalSection(SolutionProperties) = preSolution
		HideSolutionNode = FALSE
	EndGlobalSection
	GlobalSection(ExtensibilityGlobals) = postSolution
		SolutionGuid = {51D8B13B-6FA1-4D85-8A1E-0DB0EBB18C78}
	EndGlobalSection
EndGlobal
